{
  "name": "randomize-it",
  "version": "1.0.4",
  "lockfileVersion": 2,
  "requires": true,
  "packages": {
    "": {
      "name": "randomize-it",
      "version": "1.0.5",
      "license": "ISC",
      "dependencies": {
        "randomize-it": "^1.0.5"
      }
    },
    "node_modules/randomize-it": {
      "version": "1.0.5",
      "resolved": "https://registry.npmjs.org/randomize-it/-/randomize-it-1.0.5.tgz",
      "integrity": "sha512-ZMF+P1Zcld6JHmhKhJkI990oucn6rI0ox4zwmIQvzOXHuwRmyOdC+6s254doN+m5614EUbx/XNosT1P2p/mhlg=="
    }
  },
  "dependencies": {
    "randomize-it": {
      "version": "1.0.5",
      "resolved": "https://registry.npmjs.org/randomize-it/-/randomize-it-1.0.5.tgz",
      "integrity": "sha512-ZMF+P1Zcld6JHmhKhJkI990oucn6rI0ox4zwmIQvzOXHuwRmyOdC+6s254doN+m5614EUbx/XNosT1P2p/mhlg=="
    }
  }
}
